
Microsoft Visual Studio Solution File, Format Version 12.00
# Visual Studio 14
VisualStudioVersion = 14.0.25420.1
MinimumVisualStudioVersion = 10.0.40219.1
Project("{FAE04EC0-301F-11D3-BF4B-00C04F79EFBC}") = "lucenedemoweb", "..\lucenedemoweb\lucenedemoweb.csproj", "{4FBE441E-A4C7-4A45-9001-3FAB3400B2CD}"
EndProject
Project("{FAE04EC0-301F-11D3-BF4B-00C04F79EFBC}") = "class", "class\class.csproj", "{CEFF4108-CF61-4479-99A4-578303A8B137}"
EndProject
Global
	GlobalSection(SolutionConfigurationPlatforms) = preSolution
		Debug|Any CPU = Debug|Any CPU
		Release|Any CPU = Release|Any CPU
	EndGlobalSection
	GlobalSection(ProjectConfigurationPlatforms) = postSolution
		{4FBE441E-A4C7-4A45-9001-3FAB3400B2CD}.Debug|Any CPU.ActiveCfg = Debug|Any CPU
		{4FBE441E-A4C7-4A45-9001-3FAB3400B2CD}.Debug|Any CPU.Build.0 = Debug|Any CPU
		{4FBE441E-A4C7-4A45-9001-3FAB3400B2CD}.Release|Any CPU.ActiveCfg = Release|Any CPU
		{4FBE441E-A4C7-4A45-9001-3FAB3400B2CD}.Release|Any CPU.Build.0 = Release|Any CPU
		{CEFF4108-CF61-4479-99A4-578303A8B137}.Debug|Any CPU.ActiveCfg = Debug|Any CPU
		{CEFF4108-CF61-4479-99A4-578303A8B137}.Debug|Any CPU.Build.0 = Debug|Any CPU
		{CEFF4108-CF61-4479-99A4-578303A8B137}.Release|Any CPU.ActiveCfg = Release|Any CPU
		{CEFF4108-CF61-4479-99A4-578303A8B137}.Release|Any CPU.Build.0 = Release|Any CPU
	EndGlobalSection
	GlobalSection(SolutionProperties) = preSolution
		HideSolutionNode = FALSE
	EndGlobalSection
EndGlobal
